Microsoft Visual Studio Solution File, Format Version 12.00
# Visual Studio 2012
Project("{FAE04EC0-301F-11D3-BF4B-00C04F79EFBC}") = "testProject", "testProject.csproj", "{78E61D0A-5F55-4FAA-AC6E-B4C60BF19519}"
EndProject
Global
	GlobalSection(SolutionConfigurationPlatforms) = preSolution
	Debug|Any CPU = Debug|Any CPU
	Release|Any CPU = Release|Any CPU
	Tools|Any CPU = Tools|Any CPU
	EndGlobalSection
	GlobalSection(ProjectConfigurationPlatforms) = postSolution
		{78E61D0A-5F55-4FAA-AC6E-B4C60BF19519}.Debug|Any CPU.ActiveCfg = Debug|Any CPU
		{78E61D0A-5F55-4FAA-AC6E-B4C60BF19519}.Debug|Any CPU.Build.0 = Debug|Any CPU
		{78E61D0A-5F55-4FAA-AC6E-B4C60BF19519}.Release|Any CPU.ActiveCfg = Release|Any CPU
		{78E61D0A-5F55-4FAA-AC6E-B4C60BF19519}.Release|Any CPU.Build.0 = Release|Any CPU
		{78E61D0A-5F55-4FAA-AC6E-B4C60BF19519}.Tools|Any CPU.ActiveCfg = Tools|Any CPU
		{78E61D0A-5F55-4FAA-AC6E-B4C60BF19519}.Tools|Any CPU.Build.0 = Tools|Any CPU
	EndGlobalSection
EndGlobal
